// !$*UTF8*$!
{
	archiveVersion = 1;
	classes = {
	};
	objectVersion = 50;
	objects = {

/* Begin PBXBuildFile section */
		295652CC20DFB332000051AA /* Localizable.strings in Resources */ = {isa = PBXBuildFile; fileRef = 295652CE20DFB332000051AA /* Localizable.strings */; };
		295652D520DFB403000051AA /* Localizer.swift in Sources */ = {isa = PBXBuildFile; fileRef = 295652D420DFB403000051AA /* Localizer.swift */; };
		295652D720DFB445000051AA /* String+Localize.swift in Sources */ = {isa = PBXBuildFile; fileRef = 295652D620DFB445000051AA /* String+Localize.swift */; };
		29FA173920E6DCA100CAD321 /* AppDelegate.swift in Sources */ = {isa = PBXBuildFile; fileRef = 29FA173820E6DCA100CAD321 /* AppDelegate.swift */; };
		29FA173B20E6DCA100CAD321 /* ViewController.swift in Sources */ = {isa = PBXBuildFile; fileRef = 29FA173A20E6DCA100CAD321 /* ViewController.swift */; };
		29FA173D20E6DCA200CAD321 /* Assets.xcassets in Resources */ = {isa = PBXBuildFile; fileRef = 29FA173C20E6DCA200CAD321 /* Assets.xcassets */; };
		29FA174020E6DCA200CAD321 /* Main.storyboard in Resources */ = {isa = PBXBuildFile; fileRef = 29FA173E20E6DCA200CAD321 /* Main.storyboard */; };
		29FA175420E6DD1300CAD321 /* Localizer.framework in Frameworks */ = {isa = PBXBuildFile; fileRef = 29FA973E20DFA9D900ADDA07 /* Localizer.framework */; };
		29FA175520E6DD1300CAD321 /* Localizer.framework in Embed Frameworks */ = {isa = PBXBuildFile; fileRef = 29FA973E20DFA9D900ADDA07 /* Localizer.framework */; settings = {ATTRIBUTES = (CodeSignOnCopy, RemoveHeadersOnCopy, ); }; };
		29FA974320DFA9DA00ADDA07 /* Localizer.h in Headers */ = {isa = PBXBuildFile; fileRef = 29FA974120DFA9D900ADDA07 /* Localizer.h */; settings = {ATTRIBUTES = (Public, ); }; };
		3760D7AF20EE5FF1002F202B /* Localizable.strings in Resources */ = {isa = PBXBuildFile; fileRef = 3760D7B120EE5FF1002F202B /* Localizable.strings */; };
		3760D7B920EE62A7002F202B /* Test.strings in Resources */ = {isa = PBXBuildFile; fileRef = 3760D7BB20EE62A7002F202B /* Test.strings */; };
		37CDBB3D213532CC0025D143 /* Localizer+SwitchLanguage.swift in Sources */ = {isa = PBXBuildFile; fileRef = 37CDBB3C213532CC0025D143 /* Localizer+SwitchLanguage.swift */; };
		37CDBB47213568950025D143 /* Localizer.framework in Frameworks */ = {isa = PBXBuildFile; fileRef = 29FA973E20DFA9D900ADDA07 /* Localizer.framework */; };
		37CDBB4F213576F20025D143 /* Localizable.strings in Resources */ = {isa = PBXBuildFile; fileRef = 37CDBB51213576F20025D143 /* Localizable.strings */; };
		37CDBB66213578130025D143 /* Additional.strings in Resources */ = {isa = PBXBuildFile; fileRef = 37CDBB68213578130025D143 /* Additional.strings */; };
		37CDBB6F2135796C0025D143 /* LanguageOverrideTests.swift in Sources */ = {isa = PBXBuildFile; fileRef = 37CDBB6E2135796C0025D143 /* LanguageOverrideTests.swift */; };
		37CDBB71213579850025D143 /* BundleTableHierarchyTests.swift in Sources */ = {isa = PBXBuildFile; fileRef = 37CDBB70213579850025D143 /* BundleTableHierarchyTests.swift */; };
/* End PBXBuildFile section */

/* Begin PBXContainerItemProxy section */
		29FA175620E6DD1300CAD321 /* PBXContainerItemProxy */ = {
			isa = PBXContainerItemProxy;
			containerPortal = 29FA973520DFA9D900ADDA07 /* Project object */;
			proxyType = 1;
			remoteGlobalIDString = 29FA973D20DFA9D900ADDA07;
			remoteInfo = Localizer;
		};
		37CDBB48213568950025D143 /* PBXContainerItemProxy */ = {
			isa = PBXContainerItemProxy;
			containerPortal = 29FA973520DFA9D900ADDA07 /* Project object */;
			proxyType = 1;
			remoteGlobalIDString = 29FA973D20DFA9D900ADDA07;
			remoteInfo = Localizer;
		};
/* End PBXContainerItemProxy section */

/* Begin PBXCopyFilesBuildPhase section */
		29FA175820E6DD1300CAD321 /* Embed Frameworks */ = {
			isa = PBXCopyFilesBuildPhase;
			buildActionMask = 2147483647;
			dstPath = "";
			dstSubfolderSpec = 10;
			files = (
				29FA175520E6DD1300CAD321 /* Localizer.framework in Embed Frameworks */,
			);
			name = "Embed Frameworks";
			runOnlyForDeploymentPostprocessing = 0;
		};
/* End PBXCopyFilesBuildPhase section */

/* Begin PBXFileReference section */
		295652CD20DFB332000051AA /* en */ = {isa = PBXFileReference; lastKnownFileType = text.plist.strings; name = en; path = en.lproj/Localizable.strings; sourceTree = "<group>"; };
		295652CF20DFB342000051AA /* fr */ = {isa = PBXFileReference; lastKnownFileType = text.plist.strings; name = fr; path = fr.lproj/Localizable.strings; sourceTree = "<group>"; };
		295652D020DFB348000051AA /* de */ = {isa = PBXFileReference; lastKnownFileType = text.plist.strings; name = de; path = de.lproj/Localizable.strings; sourceTree = "<group>"; };
		295652D120DFB352000051AA /* gsw */ = {isa = PBXFileReference; lastKnownFileType = text.plist.strings; name = gsw; path = gsw.lproj/Localizable.strings; sourceTree = "<group>"; };
		295652D220DFB35D000051AA /* it */ = {isa = PBXFileReference; lastKnownFileType = text.plist.strings; name = it; path = it.lproj/Localizable.strings; sourceTree = "<group>"; };
		295652D320DFB363000051AA /* es */ = {isa = PBXFileReference; lastKnownFileType = text.plist.strings; name = es; path = es.lproj/Localizable.strings; sourceTree = "<group>"; };
		295652D420DFB403000051AA /* Localizer.swift */ = {isa = PBXFileReference; lastKnownFileType = sourcecode.swift; path = Localizer.swift; sourceTree = "<group>"; };
		295652D620DFB445000051AA /* String+Localize.swift */ = {isa = PBXFileReference; lastKnownFileType = sourcecode.swift; path = "String+Localize.swift"; sourceTree = "<group>"; };
		295652D820DFB4D7000051AA /* README.md */ = {isa = PBXFileReference; lastKnownFileType = net.daringfireball.markdown; path = README.md; sourceTree = "<group>"; };
		29FA173620E6DCA100CAD321 /* Example-macOS.app */ = {isa = PBXFileReference; explicitFileType = wrapper.application; includeInIndex = 0; path = "Example-macOS.app"; sourceTree = BUILT_PRODUCTS_DIR; };
		29FA173820E6DCA100CAD321 /* AppDelegate.swift */ = {isa = PBXFileReference; lastKnownFileType = sourcecode.swift; path = AppDelegate.swift; sourceTree = "<group>"; };
		29FA173A20E6DCA100CAD321 /* ViewController.swift */ = {isa = PBXFileReference; lastKnownFileType = sourcecode.swift; path = ViewController.swift; sourceTree = "<group>"; };
		29FA173C20E6DCA200CAD321 /* Assets.xcassets */ = {isa = PBXFileReference; lastKnownFileType = folder.assetcatalog; path = Assets.xcassets; sourceTree = "<group>"; };
		29FA174120E6DCA200CAD321 /* Info.plist */ = {isa = PBXFileReference; lastKnownFileType = text.plist.xml; path = Info.plist; sourceTree = "<group>"; };
		29FA174220E6DCA200CAD321 /* Example_macOS.entitlements */ = {isa = PBXFileReference; lastKnownFileType = text.plist.entitlements; path = Example_macOS.entitlements; sourceTree = "<group>"; };
		29FA174920E6DCFD00CAD321 /* en */ = {isa = PBXFileReference; lastKnownFileType = file.storyboard; name = en; path = en.lproj/Main.storyboard; sourceTree = "<group>"; };
		29FA174B20E6DD0200CAD321 /* fr */ = {isa = PBXFileReference; lastKnownFileType = text.plist.strings; name = fr; path = fr.lproj/Main.strings; sourceTree = "<group>"; };
		29FA174D20E6DD0300CAD321 /* de */ = {isa = PBXFileReference; lastKnownFileType = text.plist.strings; name = de; path = de.lproj/Main.strings; sourceTree = "<group>"; };
		29FA174F20E6DD0400CAD321 /* gsw */ = {isa = PBXFileReference; lastKnownFileType = text.plist.strings; name = gsw; path = gsw.lproj/Main.strings; sourceTree = "<group>"; };
		29FA175120E6DD0600CAD321 /* it */ = {isa = PBXFileReference; lastKnownFileType = text.plist.strings; name = it; path = it.lproj/Main.strings; sourceTree = "<group>"; };
		29FA175320E6DD0700CAD321 /* es */ = {isa = PBXFileReference; lastKnownFileType = text.plist.strings; name = es; path = es.lproj/Main.strings; sourceTree = "<group>"; };
		29FA973E20DFA9D900ADDA07 /* Localizer.framework */ = {isa = PBXFileReference; explicitFileType = wrapper.framework; includeInIndex = 0; path = Localizer.framework; sourceTree = BUILT_PRODUCTS_DIR; };
		29FA974120DFA9D900ADDA07 /* Localizer.h */ = {isa = PBXFileReference; lastKnownFileType = sourcecode.c.h; path = Localizer.h; sourceTree = "<group>"; };
		29FA974220DFA9D900ADDA07 /* Info.plist */ = {isa = PBXFileReference; lastKnownFileType = text.plist.xml; path = Info.plist; sourceTree = "<group>"; };
		37168DB5216BB78100CB3361 /* pt-BR */ = {isa = PBXFileReference; lastKnownFileType = file.storyboard; name = "pt-BR"; path = "pt-BR.lproj/Main.storyboard"; sourceTree = "<group>"; };
		37168DB6216BB78100CB3361 /* pt-BR */ = {isa = PBXFileReference; lastKnownFileType = text.plist.strings; name = "pt-BR"; path = "pt-BR.lproj/Localizable.strings"; sourceTree = "<group>"; };
		37168DB7216BB78200CB3361 /* pt-BR */ = {isa = PBXFileReference; lastKnownFileType = text.plist.strings; name = "pt-BR"; path = "pt-BR.lproj/Test.strings"; sourceTree = "<group>"; };
		37168DB8216BB7C900CB3361 /* ru */ = {isa = PBXFileReference; lastKnownFileType = file.storyboard; name = ru; path = ru.lproj/Main.storyboard; sourceTree = "<group>"; };
		37168DB9216BB7C900CB3361 /* ru */ = {isa = PBXFileReference; lastKnownFileType = text.plist.strings; name = ru; path = ru.lproj/Localizable.strings; sourceTree = "<group>"; };
		37168DBA216BB7C900CB3361 /* ru */ = {isa = PBXFileReference; lastKnownFileType = text.plist.strings; name = ru; path = ru.lproj/Test.strings; sourceTree = "<group>"; };
		37168DBB216BB7C900CB3361 /* ru */ = {isa = PBXFileReference; lastKnownFileType = text.plist.strings; name = ru; path = ru.lproj/Additional.strings; sourceTree = "<group>"; };
		37168DBC216BB7C900CB3361 /* ru */ = {isa = PBXFileReference; lastKnownFileType = text.plist.strings; name = ru; path = ru.lproj/Localizable.strings; sourceTree = "<group>"; };
		3760D7B020EE5FF1002F202B /* en */ = {isa = PBXFileReference; lastKnownFileType = text.plist.strings; name = en; path = en.lproj/Localizable.strings; sourceTree = "<group>"; };
		3760D7B220EE5FF2002F202B /* fr */ = {isa = PBXFileReference; lastKnownFileType = text.plist.strings; name = fr; path = fr.lproj/Localizable.strings; sourceTree = "<group>"; };
		3760D7B320EE5FF4002F202B /* de */ = {isa = PBXFileReference; lastKnownFileType = text.plist.strings; name = de; path = de.lproj/Localizable.strings; sourceTree = "<group>"; };
		3760D7B420EE5FF5002F202B /* it */ = {isa = PBXFileReference; lastKnownFileType = text.plist.strings; name = it; path = it.lproj/Localizable.strings; sourceTree = "<group>"; };
		3760D7B520EE5FF7002F202B /* es */ = {isa = PBXFileReference; lastKnownFileType = text.plist.strings; name = es; path = es.lproj/Localizable.strings; sourceTree = "<group>"; };
		3760D7B620EE5FF8002F202B /* gsw */ = {isa = PBXFileReference; lastKnownFileType = text.plist.strings; name = gsw; path = gsw.lproj/Localizable.strings; sourceTree = "<group>"; };
		3760D7BA20EE62A7002F202B /* en */ = {isa = PBXFileReference; lastKnownFileType = text.plist.strings; name = en; path = en.lproj/Test.strings; sourceTree = "<group>"; };
		3760D7BC20EE62A8002F202B /* fr */ = {isa = PBXFileReference; lastKnownFileType = text.plist.strings; name = fr; path = fr.lproj/Test.strings; sourceTree = "<group>"; };
		3760D7BD20EE62A9002F202B /* de */ = {isa = PBXFileReference; lastKnownFileType = text.plist.strings; name = de; path = de.lproj/Test.strings; sourceTree = "<group>"; };
		3760D7BE20EE62AA002F202B /* gsw */ = {isa = PBXFileReference; lastKnownFileType = text.plist.strings; name = gsw; path = gsw.lproj/Test.strings; sourceTree = "<group>"; };
		3760D7BF20EE62AB002F202B /* it */ = {isa = PBXFileReference; lastKnownFileType = text.plist.strings; name = it; path = it.lproj/Test.strings; sourceTree = "<group>"; };
		3760D7C020EE62AD002F202B /* es */ = {isa = PBXFileReference; lastKnownFileType = text.plist.strings; name = es; path = es.lproj/Test.strings; sourceTree = "<group>"; };
		37CDBB3C213532CC0025D143 /* Localizer+SwitchLanguage.swift */ = {isa = PBXFileReference; lastKnownFileType = sourcecode.swift; path = "Localizer+SwitchLanguage.swift"; sourceTree = "<group>"; };
		37CDBB42213568950025D143 /* LocalizerTests.xctest */ = {isa = PBXFileReference; explicitFileType = wrapper.cfbundle; includeInIndex = 0; path = LocalizerTests.xctest; sourceTree = BUILT_PRODUCTS_DIR; };
		37CDBB46213568950025D143 /* Info.plist */ = {isa = PBXFileReference; lastKnownFileType = text.plist.xml; path = Info.plist; sourceTree = "<group>"; };
		37CDBB50213576F20025D143 /* en */ = {isa = PBXFileReference; lastKnownFileType = text.plist.strings; name = en; path = en.lproj/Localizable.strings; sourceTree = "<group>"; };
		37CDBB52213576F90025D143 /* fr */ = {isa = PBXFileReference; lastKnownFileType = text.plist.strings; name = fr; path = fr.lproj/Localizable.strings; sourceTree = "<group>"; };
		37CDBB53213576F90025D143 /* de */ = {isa = PBXFileReference; lastKnownFileType = text.plist.strings; name = de; path = de.lproj/Localizable.strings; sourceTree = "<group>"; };
		37CDBB54213576FA0025D143 /* gsw */ = {isa = PBXFileReference; lastKnownFileType = text.plist.strings; name = gsw; path = gsw.lproj/Localizable.strings; sourceTree = "<group>"; };
		37CDBB55213576FB0025D143 /* it */ = {isa = PBXFileReference; lastKnownFileType = text.plist.strings; name = it; path = it.lproj/Localizable.strings; sourceTree = "<group>"; };
		37CDBB56213576FC0025D143 /* es */ = {isa = PBXFileReference; lastKnownFileType = text.plist.strings; name = es; path = es.lproj/Localizable.strings; sourceTree = "<group>"; };
		37CDBB67213578130025D143 /* en */ = {isa = PBXFileReference; lastKnownFileType = text.plist.strings; name = en; path = en.lproj/Additional.strings; sourceTree = "<group>"; };
		37CDBB69213578140025D143 /* fr */ = {isa = PBXFileReference; lastKnownFileType = text.plist.strings; name = fr; path = fr.lproj/Additional.strings; sourceTree = "<group>"; };
		37CDBB6A213578150025D143 /* de */ = {isa = PBXFileReference; lastKnownFileType = text.plist.strings; name = de; path = de.lproj/Additional.strings; sourceTree = "<group>"; };
		37CDBB6B213578150025D143 /* gsw */ = {isa = PBXFileReference; lastKnownFileType = text.plist.strings; name = gsw; path = gsw.lproj/Additional.strings; sourceTree = "<group>"; };
		37CDBB6C213578160025D143 /* it */ = {isa = PBXFileReference; lastKnownFileType = text.plist.strings; name = it; path = it.lproj/Additional.strings; sourceTree = "<group>"; };
		37CDBB6D213578160025D143 /* es */ = {isa = PBXFileReference; lastKnownFileType = text.plist.strings; name = es; path = es.lproj/Additional.strings; sourceTree = "<group>"; };
		37CDBB6E2135796C0025D143 /* LanguageOverrideTests.swift */ = {isa = PBXFileReference; lastKnownFileType = sourcecode.swift; path = LanguageOverrideTests.swift; sourceTree = "<group>"; };
		37CDBB70213579850025D143 /* BundleTableHierarchyTests.swift */ = {isa = PBXFileReference; lastKnownFileType = sourcecode.swift; path = BundleTableHierarchyTests.swift; sourceTree = "<group>"; };
/* End PBXFileReference section */

/* Begin PBXFrameworksBuildPhase section */
		29FA173320E6DCA100CAD321 /* Frameworks */ = {
			isa = PBXFrameworksBuildPhase;
			buildActionMask = 2147483647;
			files = (
				29FA175420E6DD1300CAD321 /* Localizer.framework in Frameworks */,
			);
			runOnlyForDeploymentPostprocessing = 0;
		};
		29FA973A20DFA9D900ADDA07 /* Frameworks */ = {
			isa = PBXFrameworksBuildPhase;
			buildActionMask = 2147483647;
			files = (
			);
			runOnlyForDeploymentPostprocessing = 0;
		};
		37CDBB3F213568950025D143 /* Frameworks */ = {
			isa = PBXFrameworksBuildPhase;
			buildActionMask = 2147483647;
			files = (
				37CDBB47213568950025D143 /* Localizer.framework in Frameworks */,
			);
			runOnlyForDeploymentPostprocessing = 0;
		};
/* End PBXFrameworksBuildPhase section */

/* Begin PBXGroup section */
		29FA173720E6DCA100CAD321 /* Example-macOS */ = {
			isa = PBXGroup;
			children = (
				29FA174620E6DCAA00CAD321 /* Localized */,
				29FA173820E6DCA100CAD321 /* AppDelegate.swift */,
				29FA173A20E6DCA100CAD321 /* ViewController.swift */,
				29FA173C20E6DCA200CAD321 /* Assets.xcassets */,
				29FA174120E6DCA200CAD321 /* Info.plist */,
				29FA174220E6DCA200CAD321 /* Example_macOS.entitlements */,
			);
			path = "Example-macOS";
			sourceTree = "<group>";
		};
		29FA174620E6DCAA00CAD321 /* Localized */ = {
			isa = PBXGroup;
			children = (
				29FA173E20E6DCA200CAD321 /* Main.storyboard */,
				3760D7B120EE5FF1002F202B /* Localizable.strings */,
				3760D7BB20EE62A7002F202B /* Test.strings */,
			);
			path = Localized;
			sourceTree = "<group>";
		};
		29FA973420DFA9D900ADDA07 = {
			isa = PBXGroup;
			children = (
				295652D820DFB4D7000051AA /* README.md */,
				29FA974920DFA9F600ADDA07 /* Source */,
				29FA974020DFA9D900ADDA07 /* Resources */,
				29FA173720E6DCA100CAD321 /* Example-macOS */,
				37CDBB43213568950025D143 /* LocalizerTests */,
				29FA973F20DFA9D900ADDA07 /* Products */,
			);
			sourceTree = "<group>";
		};
		29FA973F20DFA9D900ADDA07 /* Products */ = {
			isa = PBXGroup;
			children = (
				29FA973E20DFA9D900ADDA07 /* Localizer.framework */,
				29FA173620E6DCA100CAD321 /* Example-macOS.app */,
				37CDBB42213568950025D143 /* LocalizerTests.xctest */,
			);
			name = Products;
			sourceTree = "<group>";
		};
		29FA974020DFA9D900ADDA07 /* Resources */ = {
			isa = PBXGroup;
			children = (
				29FA974A20DFAA1100ADDA07 /* Dictionaries */,
				29FA974120DFA9D900ADDA07 /* Localizer.h */,
				29FA974220DFA9D900ADDA07 /* Info.plist */,
			);
			path = Resources;
			sourceTree = "<group>";
		};
		29FA974920DFA9F600ADDA07 /* Source */ = {
			isa = PBXGroup;
			children = (
				295652D420DFB403000051AA /* Localizer.swift */,
				37CDBB3C213532CC0025D143 /* Localizer+SwitchLanguage.swift */,
				295652D620DFB445000051AA /* String+Localize.swift */,
			);
			path = Source;
			sourceTree = "<group>";
		};
		29FA974A20DFAA1100ADDA07 /* Dictionaries */ = {
			isa = PBXGroup;
			children = (
				295652CE20DFB332000051AA /* Localizable.strings */,
			);
			path = Dictionaries;
			sourceTree = "<group>";
		};
		37CDBB43213568950025D143 /* LocalizerTests */ = {
			isa = PBXGroup;
			children = (
				37CDBB70213579850025D143 /* BundleTableHierarchyTests.swift */,
				37CDBB6E2135796C0025D143 /* LanguageOverrideTests.swift */,
				37CDBB68213578130025D143 /* Additional.strings */,
				37CDBB46213568950025D143 /* Info.plist */,
				37CDBB51213576F20025D143 /* Localizable.strings */,
			);
			path = LocalizerTests;
			sourceTree = "<group>";
		};
/* End PBXGroup section */

/* Begin PBXHeadersBuildPhase section */
		29FA973B20DFA9D900ADDA07 /* Headers */ = {
			isa = PBXHeadersBuildPhase;
			buildActionMask = 2147483647;
			files = (
				29FA974320DFA9DA00ADDA07 /* Localizer.h in Headers */,
			);
			runOnlyForDeploymentPostprocessing = 0;
		};
/* End PBXHeadersBuildPhase section */

/* Begin PBXNativeTarget section */
		29FA173520E6DCA100CAD321 /* Example-macOS */ = {
			isa = PBXNativeTarget;
			buildConfigurationList = 29FA174320E6DCA200CAD321 /* Build configuration list for PBXNativeTarget "Example-macOS" */;
			buildPhases = (
				29FA173220E6DCA100CAD321 /* Sources */,
				29FA173320E6DCA100CAD321 /* Frameworks */,
				29FA173420E6DCA100CAD321 /* Resources */,
				29FA175820E6DD1300CAD321 /* Embed Frameworks */,
			);
			buildRules = (
			);
			dependencies = (
				29FA175720E6DD1300CAD321 /* PBXTargetDependency */,
			);
			name = "Example-macOS";
			productName = "Example-macOS";
			productReference = 29FA173620E6DCA100CAD321 /* Example-macOS.app */;
			productType = "com.apple.product-type.application";
		};
		29FA973D20DFA9D900ADDA07 /* Localizer */ = {
			isa = PBXNativeTarget;
			buildConfigurationList = 29FA974620DFA9DA00ADDA07 /* Build configuration list for PBXNativeTarget "Localizer" */;
			buildPhases = (
				29FA973920DFA9D900ADDA07 /* Sources */,
				29FA973A20DFA9D900ADDA07 /* Frameworks */,
				29FA973B20DFA9D900ADDA07 /* Headers */,
				29FA973C20DFA9D900ADDA07 /* Resources */,
			);
			buildRules = (
			);
			dependencies = (
			);
			name = Localizer;
			productName = Localizer;
			productReference = 29FA973E20DFA9D900ADDA07 /* Localizer.framework */;
			productType = "com.apple.product-type.framework";
		};
		37CDBB41213568950025D143 /* LocalizerTests */ = {
			isa = PBXNativeTarget;
			buildConfigurationList = 37CDBB4A213568950025D143 /* Build configuration list for PBXNativeTarget "LocalizerTests" */;
			buildPhases = (
				37CDBB3E213568950025D143 /* Sources */,
				37CDBB3F213568950025D143 /* Frameworks */,
				37CDBB40213568950025D143 /* Resources */,
			);
			buildRules = (
			);
			dependencies = (
				37CDBB49213568950025D143 /* PBXTargetDependency */,
			);
			name = LocalizerTests;
			productName = LocalizerTests;
			productReference = 37CDBB42213568950025D143 /* LocalizerTests.xctest */;
			productType = "com.apple.product-type.bundle.unit-test";
		};
/* End PBXNativeTarget section */

/* Begin PBXProject section */
		29FA973520DFA9D900ADDA07 /* Project object */ = {
			isa = PBXProject;
			attributes = {
				LastSwiftUpdateCheck = 0940;
				LastUpgradeCheck = 0930;
				ORGANIZATIONNAME = "Nicolas Degen";
				TargetAttributes = {
					29FA173520E6DCA100CAD321 = {
						CreatedOnToolsVersion = 9.4.1;
					};
					29FA973D20DFA9D900ADDA07 = {
						CreatedOnToolsVersion = 9.3.1;
						LastSwiftMigration = 0930;
					};
					37CDBB41213568950025D143 = {
						CreatedOnToolsVersion = 9.4.1;
					};
				};
			};
			buildConfigurationList = 29FA973820DFA9D900ADDA07 /* Build configuration list for PBXProject "Localizer" */;
			compatibilityVersion = "Xcode 9.3";
			developmentRegion = en;
			hasScannedForEncodings = 0;
			knownRegions = (
				en,
				fr,
				de,
				gsw,
				it,
				es,
				Base,
				"pt-BR",
				ru,
			);
			mainGroup = 29FA973420DFA9D900ADDA07;
			productRefGroup = 29FA973F20DFA9D900ADDA07 /* Products */;
			projectDirPath = "";
			projectRoot = "";
			targets = (
				29FA973D20DFA9D900ADDA07 /* Localizer */,
				29FA173520E6DCA100CAD321 /* Example-macOS */,
				37CDBB41213568950025D143 /* LocalizerTests */,
			);
		};
/* End PBXProject section */

/* Begin PBXResourcesBuildPhase section */
		29FA173420E6DCA100CAD321 /* Resources */ = {
			isa = PBXResourcesBuildPhase;
			buildActionMask = 2147483647;
			files = (
				3760D7B920EE62A7002F202B /* Test.strings in Resources */,
				29FA173D20E6DCA200CAD321 /* Assets.xcassets in Resources */,
				3760D7AF20EE5FF1002F202B /* Localizable.strings in Resources */,
				29FA174020E6DCA200CAD321 /* Main.storyboard in Resources */,
			);
			runOnlyForDeploymentPostprocessing = 0;
		};
		29FA973C20DFA9D900ADDA07 /* Resources */ = {
			isa = PBXResourcesBuildPhase;
			buildActionMask = 2147483647;
			files = (
				295652CC20DFB332000051AA /* Localizable.strings in Resources */,
			);
			runOnlyForDeploymentPostprocessing = 0;
		};
		37CDBB40213568950025D143 /* Resources */ = {
			isa = PBXResourcesBuildPhase;
			buildActionMask = 2147483647;
			files = (
				37CDBB4F213576F20025D143 /* Localizable.strings in Resources */,
				37CDBB66213578130025D143 /* Additional.strings in Resources */,
			);
			runOnlyForDeploymentPostprocessing = 0;
		};
/* End PBXResourcesBuildPhase section */

/* Begin PBXSourcesBuildPhase section */
		29FA173220E6DCA100CAD321 /* Sources */ = {
			isa = PBXSourcesBuildPhase;
			buildActionMask = 2147483647;
			files = (
				29FA173B20E6DCA100CAD321 /* ViewController.swift in Sources */,
				29FA173920E6DCA100CAD321 /* AppDelegate.swift in Sources */,
			);
			runOnlyForDeploymentPostprocessing = 0;
		};
		29FA973920DFA9D900ADDA07 /* Sources */ = {
			isa = PBXSourcesBuildPhase;
			buildActionMask = 2147483647;
			files = (
				37CDBB3D213532CC0025D143 /* Localizer+SwitchLanguage.swift in Sources */,
				295652D520DFB403000051AA /* Localizer.swift in Sources */,
				295652D720DFB445000051AA /* String+Localize.swift in Sources */,
			);
			runOnlyForDeploymentPostprocessing = 0;
		};
		37CDBB3E213568950025D143 /* Sources */ = {
			isa = PBXSourcesBuildPhase;
			buildActionMask = 2147483647;
			files = (
				37CDBB71213579850025D143 /* BundleTableHierarchyTests.swift in Sources */,
				37CDBB6F2135796C0025D143 /* LanguageOverrideTests.swift in Sources */,
			);
			runOnlyForDeploymentPostprocessing = 0;
		};
/* End PBXSourcesBuildPhase section */

/* Begin PBXTargetDependency section */
		29FA175720E6DD1300CAD321 /* PBXTargetDependency */ = {
			isa = PBXTargetDependency;
			target = 29FA973D20DFA9D900ADDA07 /* Localizer */;
			targetProxy = 29FA175620E6DD1300CAD321 /* PBXContainerItemProxy */;
		};
		37CDBB49213568950025D143 /* PBXTargetDependency */ = {
			isa = PBXTargetDependency;
			target = 29FA973D20DFA9D900ADDA07 /* Localizer */;
			targetProxy = 37CDBB48213568950025D143 /* PBXContainerItemProxy */;
		};
/* End PBXTargetDependency section */

/* Begin PBXVariantGroup section */
		295652CE20DFB332000051AA /* Localizable.strings */ = {
			isa = PBXVariantGroup;
			children = (
				295652CD20DFB332000051AA /* en */,
				295652CF20DFB342000051AA /* fr */,
				295652D020DFB348000051AA /* de */,
				295652D120DFB352000051AA /* gsw */,
				295652D220DFB35D000051AA /* it */,
				295652D320DFB363000051AA /* es */,
			);
			name = Localizable.strings;
			sourceTree = "<group>";
		};
		29FA173E20E6DCA200CAD321 /* Main.storyboard */ = {
			isa = PBXVariantGroup;
			children = (
				29FA174920E6DCFD00CAD321 /* en */,
				29FA174B20E6DD0200CAD321 /* fr */,
				29FA174D20E6DD0300CAD321 /* de */,
				29FA174F20E6DD0400CAD321 /* gsw */,
				29FA175120E6DD0600CAD321 /* it */,
				29FA175320E6DD0700CAD321 /* es */,
				37168DB5216BB78100CB3361 /* pt-BR */,
				37168DB8216BB7C900CB3361 /* ru */,
			);
			name = Main.storyboard;
			sourceTree = "<group>";
		};
		3760D7B120EE5FF1002F202B /* Localizable.strings */ = {
			isa = PBXVariantGroup;
			children = (
				3760D7B020EE5FF1002F202B /* en */,
				3760D7B220EE5FF2002F202B /* fr */,
				3760D7B320EE5FF4002F202B /* de */,
				3760D7B420EE5FF5002F202B /* it */,
				3760D7B520EE5FF7002F202B /* es */,
				3760D7B620EE5FF8002F202B /* gsw */,
				37168DB6216BB78100CB3361 /* pt-BR */,
				37168DB9216BB7C900CB3361 /* ru */,
			);
			name = Localizable.strings;
			sourceTree = "<group>";
		};
		3760D7BB20EE62A7002F202B /* Test.strings */ = {
			isa = PBXVariantGroup;
			children = (
				3760D7BA20EE62A7002F202B /* en */,
				3760D7BC20EE62A8002F202B /* fr */,
				3760D7BD20EE62A9002F202B /* de */,
				3760D7BE20EE62AA002F202B /* gsw */,
				3760D7BF20EE62AB002F202B /* it */,
				3760D7C020EE62AD002F202B /* es */,
				37168DB7216BB78200CB3361 /* pt-BR */,
				37168DBA216BB7C900CB3361 /* ru */,
			);
			name = Test.strings;
			sourceTree = "<group>";
		};
		37CDBB51213576F20025D143 /* Localizable.strings */ = {
			isa = PBXVariantGroup;
			children = (
				37CDBB50213576F20025D143 /* en */,
				37CDBB52213576F90025D143 /* fr */,
				37CDBB53213576F90025D143 /* de */,
				37CDBB54213576FA0025D143 /* gsw */,
				37CDBB55213576FB0025D143 /* it */,
				37CDBB56213576FC0025D143 /* es */,
				37168DBC216BB7C900CB3361 /* ru */,
			);
			name = Localizable.strings;
			sourceTree = "<group>";
		};
		37CDBB68213578130025D143 /* Additional.strings */ = {
			isa = PBXVariantGroup;
			children = (
				37CDBB67213578130025D143 /* en */,
				37CDBB69213578140025D143 /* fr */,
				37CDBB6A213578150025D143 /* de */,
				37CDBB6B213578150025D143 /* gsw */,
				37CDBB6C213578160025D143 /* it */,
				37CDBB6D213578160025D143 /* es */,
				37168DBB216BB7C900CB3361 /* ru */,
			);
			name = Additional.strings;
			sourceTree = "<group>";
		};
/* End PBXVariantGroup section */

/* Begin XCBuildConfiguration section */
		29FA174420E6DCA200CAD321 /* Debug */ = {
			isa = XCBuildConfiguration;
			buildSettings = {
				ALWAYS_EMBED_SWIFT_STANDARD_LIBRARIES = YES;
				ASSETCATALOG_COMPILER_APPICON_NAME = AppIcon;
				CODE_SIGN_ENTITLEMENTS = "Example-macOS/Example_macOS.entitlements";
				CODE_SIGN_STYLE = Automatic;
				COMBINE_HIDPI_IMAGES = YES;
				DEVELOPMENT_TEAM = C56P24GUF3;
				INFOPLIST_FILE = "Example-macOS/Info.plist";
				LD_RUNPATH_SEARCH_PATHS = (
					"$(inherited)",
					"@executable_path/../Frameworks",
				);
				PRODUCT_BUNDLE_IDENTIFIER = "com.nide.Example-macOS";
				PRODUCT_NAME = "$(TARGET_NAME)";
				SWIFT_VERSION = 4.0;
			};
			name = Debug;
		};
		29FA174520E6DCA200CAD321 /* Release */ = {
			isa = XCBuildConfiguration;
			buildSettings = {
				ALWAYS_EMBED_SWIFT_STANDARD_LIBRARIES = YES;
				ASSETCATALOG_COMPILER_APPICON_NAME = AppIcon;
				CODE_SIGN_ENTITLEMENTS = "Example-macOS/Example_macOS.entitlements";
				CODE_SIGN_STYLE = Automatic;
				COMBINE_HIDPI_IMAGES = YES;
				DEVELOPMENT_TEAM = C56P24GUF3;
				INFOPLIST_FILE = "Example-macOS/Info.plist";
				LD_RUNPATH_SEARCH_PATHS = (
					"$(inherited)",
					"@executable_path/../Frameworks",
				);
				PRODUCT_BUNDLE_IDENTIFIER = "com.nide.Example-macOS";
				PRODUCT_NAME = "$(TARGET_NAME)";
				SWIFT_VERSION = 4.0;
			};
			name = Release;
		};
		29FA974420DFA9DA00ADDA07 /* Debug */ = {
			isa = XCBuildConfiguration;
			buildSettings = {
				ALWAYS_SEARCH_USER_PATHS = NO;
				CLANG_ANALYZER_LOCALIZABILITY_NONLOCALIZED = YES;
				CLANG_ANALYZER_NONNULL = YES;
				CLANG_ANALYZER_NUMBER_OBJECT_CONVERSION = YES_AGGRESSIVE;
				CLANG_CXX_LANGUAGE_STANDARD = "gnu++14";
				CLANG_CXX_LIBRARY = "libc++";
				CLANG_ENABLE_MODULES = YES;
				CLANG_ENABLE_OBJC_ARC = YES;
				CLANG_ENABLE_OBJC_WEAK = YES;
				CLANG_WARN_BLOCK_CAPTURE_AUTORELEASING = YES;
				CLANG_WARN_BOOL_CONVERSION = YES;
				CLANG_WARN_COMMA = YES;
				CLANG_WARN_CONSTANT_CONVERSION = YES;
				CLANG_WARN_DEPRECATED_OBJC_IMPLEMENTATIONS = YES;
				CLANG_WARN_DIRECT_OBJC_ISA_USAGE = YES_ERROR;
				CLANG_WARN_DOCUMENTATION_COMMENTS = YES;
				CLANG_WARN_EMPTY_BODY = YES;
				CLANG_WARN_ENUM_CONVERSION = YES;
				CLANG_WARN_INFINITE_RECURSION = YES;
				CLANG_WARN_INT_CONVERSION = YES;
				CLANG_WARN_NON_LITERAL_NULL_CONVERSION = YES;
				CLANG_WARN_OBJC_IMPLICIT_RETAIN_SELF = YES;
				CLANG_WARN_OBJC_LITERAL_CONVERSION = YES;
				CLANG_WARN_OBJC_ROOT_CLASS = YES_ERROR;
				CLANG_WARN_RANGE_LOOP_ANALYSIS = YES;
				CLANG_WARN_STRICT_PROTOTYPES = YES;
				CLANG_WARN_SUSPICIOUS_MOVE = YES;
				CLANG_WARN_UNGUARDED_AVAILABILITY = YES_AGGRESSIVE;
				CLANG_WARN_UNREACHABLE_CODE = YES;
				CLANG_WARN__DUPLICATE_METHOD_MATCH = YES;
				CODE_SIGN_IDENTITY = "Mac Developer";
				COPY_PHASE_STRIP = NO;
				CURRENT_PROJECT_VERSION = 1;
				DEBUG_INFORMATION_FORMAT = dwarf;
				ENABLE_STRICT_OBJC_MSGSEND = YES;
				ENABLE_TESTABILITY = YES;
				GCC_C_LANGUAGE_STANDARD = gnu11;
				GCC_DYNAMIC_NO_PIC = NO;
				GCC_NO_COMMON_BLOCKS = YES;
				GCC_OPTIMIZATION_LEVEL = 0;
				GCC_PREPROCESSOR_DEFINITIONS = (
					"DEBUG=1",
					"$(inherited)",
				);
				GCC_WARN_64_TO_32_BIT_CONVERSION = YES;
				GCC_WARN_ABOUT_RETURN_TYPE = YES_ERROR;
				GCC_WARN_UNDECLARED_SELECTOR = YES;
				GCC_WARN_UNINITIALIZED_AUTOS = YES_AGGRESSIVE;
				GCC_WARN_UNUSED_FUNCTION = YES;
				GCC_WARN_UNUSED_VARIABLE = YES;
				MACOSX_DEPLOYMENT_TARGET = 10.13;
				MTL_ENABLE_DEBUG_INFO = YES;
				ONLY_ACTIVE_ARCH = YES;
				SDKROOT = macosx;
				SWIFT_ACTIVE_COMPILATION_CONDITIONS = DEBUG;
				SWIFT_OPTIMIZATION_LEVEL = "-Onone";
				VERSIONING_SYSTEM = "apple-generic";
				VERSION_INFO_PREFIX = "";
			};
			name = Debug;
		};
		29FA974520DFA9DA00ADDA07 /* Release */ = {
			isa = XCBuildConfiguration;
			buildSettings = {
				ALWAYS_SEARCH_USER_PATHS = NO;
				CLANG_ANALYZER_LOCALIZABILITY_NONLOCALIZED = YES;
				CLANG_ANALYZER_NONNULL = YES;
				CLANG_ANALYZER_NUMBER_OBJECT_CONVERSION = YES_AGGRESSIVE;
				CLANG_CXX_LANGUAGE_STANDARD = "gnu++14";
				CLANG_CXX_LIBRARY = "libc++";
				CLANG_ENABLE_MODULES = YES;
				CLANG_ENABLE_OBJC_ARC = YES;
				CLANG_ENABLE_OBJC_WEAK = YES;
				CLANG_WARN_BLOCK_CAPTURE_AUTORELEASING = YES;
				CLANG_WARN_BOOL_CONVERSION = YES;
				CLANG_WARN_COMMA = YES;
				CLANG_WARN_CONSTANT_CONVERSION = YES;
				CLANG_WARN_DEPRECATED_OBJC_IMPLEMENTATIONS = YES;
				CLANG_WARN_DIRECT_OBJC_ISA_USAGE = YES_ERROR;
				CLANG_WARN_DOCUMENTATION_COMMENTS = YES;
				CLANG_WARN_EMPTY_BODY = YES;
				CLANG_WARN_ENUM_CONVERSION = YES;
				CLANG_WARN_INFINITE_RECURSION = YES;
				CLANG_WARN_INT_CONVERSION = YES;
				CLANG_WARN_NON_LITERAL_NULL_CONVERSION = YES;
				CLANG_WARN_OBJC_IMPLICIT_RETAIN_SELF = YES;
				CLANG_WARN_OBJC_LITERAL_CONVERSION = YES;
				CLANG_WARN_OBJC_ROOT_CLASS = YES_ERROR;
				CLANG_WARN_RANGE_LOOP_ANALYSIS = YES;
				CLANG_WARN_STRICT_PROTOTYPES = YES;
				CLANG_WARN_SUSPICIOUS_MOVE = YES;
				CLANG_WARN_UNGUARDED_AVAILABILITY = YES_AGGRESSIVE;
				CLANG_WARN_UNREACHABLE_CODE = YES;
				CLANG_WARN__DUPLICATE_METHOD_MATCH = YES;
				CODE_SIGN_IDENTITY = "Mac Developer";
				COPY_PHASE_STRIP = NO;
				CURRENT_PROJECT_VERSION = 1;
				DEBUG_INFORMATION_FORMAT = "dwarf-with-dsym";
				ENABLE_NS_ASSERTIONS = NO;
				ENABLE_STRICT_OBJC_MSGSEND = YES;
				GCC_C_LANGUAGE_STANDARD = gnu11;
				GCC_NO_COMMON_BLOCKS = YES;
				GCC_WARN_64_TO_32_BIT_CONVERSION = YES;
				GCC_WARN_ABOUT_RETURN_TYPE = YES_ERROR;
				GCC_WARN_UNDECLARED_SELECTOR = YES;
				GCC_WARN_UNINITIALIZED_AUTOS = YES_AGGRESSIVE;
				GCC_WARN_UNUSED_FUNCTION = YES;
				GCC_WARN_UNUSED_VARIABLE = YES;
				MACOSX_DEPLOYMENT_TARGET = 10.13;
				MTL_ENABLE_DEBUG_INFO = NO;
				SDKROOT = macosx;
				SWIFT_COMPILATION_MODE = wholemodule;
				SWIFT_OPTIMIZATION_LEVEL = "-O";
				VERSIONING_SYSTEM = "apple-generic";
				VERSION_INFO_PREFIX = "";
			};
			name = Release;
		};
		29FA974720DFA9DA00ADDA07 /* Debug */ = {
			isa = XCBuildConfiguration;
			buildSettings = {
				CLANG_ENABLE_MODULES = YES;
				CODE_SIGN_IDENTITY = "";
				CODE_SIGN_STYLE = Automatic;
				COMBINE_HIDPI_IMAGES = YES;
				DEFINES_MODULE = YES;
				DEVELOPMENT_TEAM = C56P24GUF3;
				DYLIB_COMPATIBILITY_VERSION = 1;
				DYLIB_CURRENT_VERSION = 1;
				DYLIB_INSTALL_NAME_BASE = "@rpath";
				FRAMEWORK_VERSION = A;
				INFOPLIST_FILE = "$(SRCROOT)/Resources/Info.plist";
				INSTALL_PATH = "$(LOCAL_LIBRARY_DIR)/Frameworks";
				LD_RUNPATH_SEARCH_PATHS = (
					"$(inherited)",
					"@executable_path/../Frameworks",
					"@loader_path/Frameworks",
				);
				PRODUCT_BUNDLE_IDENTIFIER = com.nide.localizer;
				PRODUCT_NAME = "$(TARGET_NAME:c99extidentifier)";
				SKIP_INSTALL = YES;
				SWIFT_OPTIMIZATION_LEVEL = "-Onone";
				SWIFT_VERSION = 4.0;
			};
			name = Debug;
		};
		29FA974820DFA9DA00ADDA07 /* Release */ = {
			isa = XCBuildConfiguration;
			buildSettings = {
				CLANG_ENABLE_MODULES = YES;
				CODE_SIGN_IDENTITY = "";
				CODE_SIGN_STYLE = Automatic;
				COMBINE_HIDPI_IMAGES = YES;
				DEFINES_MODULE = YES;
				DEVELOPMENT_TEAM = C56P24GUF3;
				DYLIB_COMPATIBILITY_VERSION = 1;
				DYLIB_CURRENT_VERSION = 1;
				DYLIB_INSTALL_NAME_BASE = "@rpath";
				FRAMEWORK_VERSION = A;
				INFOPLIST_FILE = "$(SRCROOT)/Resources/Info.plist";
				INSTALL_PATH = "$(LOCAL_LIBRARY_DIR)/Frameworks";
				LD_RUNPATH_SEARCH_PATHS = (
					"$(inherited)",
					"@executable_path/../Frameworks",
					"@loader_path/Frameworks",
				);
				PRODUCT_BUNDLE_IDENTIFIER = com.nide.localizer;
				PRODUCT_NAME = "$(TARGET_NAME:c99extidentifier)";
				SKIP_INSTALL = YES;
				SWIFT_VERSION = 4.0;
			};
			name = Release;
		};
		37CDBB4B213568950025D143 /* Debug */ = {
			isa = XCBuildConfiguration;
			buildSettings = {
				CODE_SIGN_STYLE = Automatic;
				COMBINE_HIDPI_IMAGES = YES;
				DEVELOPMENT_TEAM = C56P24GUF3;
				INFOPLIST_FILE = LocalizerTests/Info.plist;
				LD_RUNPATH_SEARCH_PATHS = (
					"$(inherited)",
					"@executable_path/../Frameworks",
					"@loader_path/../Frameworks",
				);
				PRODUCT_BUNDLE_IDENTIFIER = com.nide.LocalizerTests;
				PRODUCT_NAME = "$(TARGET_NAME)";
				SWIFT_VERSION = 4.0;
			};
			name = Debug;
		};
		37CDBB4C213568950025D143 /* Release */ = {
			isa = XCBuildConfiguration;
			buildSettings = {
				CODE_SIGN_STYLE = Automatic;
				COMBINE_HIDPI_IMAGES = YES;
				DEVELOPMENT_TEAM = C56P24GUF3;
				INFOPLIST_FILE = LocalizerTests/Info.plist;
				LD_RUNPATH_SEARCH_PATHS = (
					"$(inherited)",
					"@executable_path/../Frameworks",
					"@loader_path/../Frameworks",
				);
				PRODUCT_BUNDLE_IDENTIFIER = com.nide.LocalizerTests;
				PRODUCT_NAME = "$(TARGET_NAME)";
				SWIFT_VERSION = 4.0;
			};
			name = Release;
		};
/* End XCBuildConfiguration section */

/* Begin XCConfigurationList section */
		29FA174320E6DCA200CAD321 /* Build configuration list for PBXNativeTarget "Example-macOS" */ = {
			isa = XCConfigurationList;
			buildConfigurations = (
				29FA174420E6DCA200CAD321 /* Debug */,
				29FA174520E6DCA200CAD321 /* Release */,
			);
			defaultConfigurationIsVisible = 0;
			defaultConfigurationName = Release;
		};
		29FA973820DFA9D900ADDA07 /* Build configuration list for PBXProject "Localizer" */ = {
			isa = XCConfigurationList;
			buildConfigurations = (
				29FA974420DFA9DA00ADDA07 /* Debug */,
				29FA974520DFA9DA00ADDA07 /* Release */,
			);
			defaultConfigurationIsVisible = 0;
			defaultConfigurationName = Release;
		};
		29FA974620DFA9DA00ADDA07 /* Build configuration list for PBXNativeTarget "Localizer" */ = {
			isa = XCConfigurationList;
			buildConfigurations = (
				29FA974720DFA9DA00ADDA07 /* Debug */,
				29FA974820DFA9DA00ADDA07 /* Release */,
			);
			defaultConfigurationIsVisible = 0;
			defaultConfigurationName = Release;
		};
		37CDBB4A213568950025D143 /* Build configuration list for PBXNativeTarget "LocalizerTests" */ = {
			isa = XCConfigurationList;
			buildConfigurations = (
				37CDBB4B213568950025D143 /* Debug */,
				37CDBB4C213568950025D143 /* Release */,
			);
			defaultConfigurationIsVisible = 0;
			defaultConfigurationName = Release;
		};
/* End XCConfigurationList section */
	};
	rootObject = 29FA973520DFA9D900ADDA07 /* Project object */;
}
